
Microsoft Visual Studio Solution File, Format Version 12.00
# Visual Studio Version 17
VisualStudioVersion = 17.6.33801.468
MinimumVisualStudioVersion = 10.0.40219.1
Project("{9A19103F-16F7-4668-BE54-9A1E7A4F7556}") = "Just.Nuget", "Just.Nuget\Just.Nuget.csproj", "{E7854180-51D5-400B-9FF3-02CE0EAAF38C}"
EndProject
Project("{9A19103F-16F7-4668-BE54-9A1E7A4F7556}") = "Just.Test", "Just.Test\Just.Test.csproj", "{4B6FFC59-F282-4376-AB52-AF2E1BC6E430}"
EndProject
Project("{FAE04EC0-301F-11D3-BF4B-00C04F79EFBC}") = "Just.Sample", "Just.Sample\Just.Sample.csproj", "{CF13B0F5-934B-441A-A835-F483C044DEE3}"
EndProject
Global
	GlobalSection(SolutionConfigurationPlatforms) = preSolution
		Debug|Any CPU = Debug|Any CPU
		Release|Any CPU = Release|Any CPU
	EndGlobalSection
	GlobalSection(ProjectConfigurationPlatforms) = postSolution
		{E7854180-51D5-400B-9FF3-02CE0EAAF38C}.Debug|Any CPU.ActiveCfg = Debug|Any CPU
		{E7854180-51D5-400B-9FF3-02CE0EAAF38C}.Debug|Any CPU.Build.0 = Debug|Any CPU
		{E7854180-51D5-400B-9FF3-02CE0EAAF38C}.Release|Any CPU.ActiveCfg = Release|Any CPU
		{E7854180-51D5-400B-9FF3-02CE0EAAF38C}.Release|Any CPU.Build.0 = Release|Any CPU
		{4B6FFC59-F282-4376-AB52-AF2E1BC6E430}.Debug|Any CPU.ActiveCfg = Debug|Any CPU
		{4B6FFC59-F282-4376-AB52-AF2E1BC6E430}.Debug|Any CPU.Build.0 = Debug|Any CPU
		{4B6FFC59-F282-4376-AB52-AF2E1BC6E430}.Release|Any CPU.ActiveCfg = Release|Any CPU
		{4B6FFC59-F282-4376-AB52-AF2E1BC6E430}.Release|Any CPU.Build.0 = Release|Any CPU
		{CF13B0F5-934B-441A-A835-F483C044DEE3}.Debug|Any CPU.ActiveCfg = Debug|Any CPU
		{CF13B0F5-934B-441A-A835-F483C044DEE3}.Debug|Any CPU.Build.0 = Debug|Any CPU
		{CF13B0F5-934B-441A-A835-F483C044DEE3}.Release|Any CPU.ActiveCfg = Release|Any CPU
		{CF13B0F5-934B-441A-A835-F483C044DEE3}.Release|Any CPU.Build.0 = Release|Any CPU
	EndGlobalSection
	GlobalSection(SolutionProperties) = preSolution
		HideSolutionNode = FALSE
	EndGlobalSection
	GlobalSection(ExtensibilityGlobals) = postSolution
		SolutionGuid = {E0780718-48C5-49DD-A899-08260F837582}
	EndGlobalSection
EndGlobal
